// !$*UTF8*$!
{
	archiveVersion = 1;
	classes = {
	};
	objectVersion = 46;
	objects = {

/* Begin PBXBuildFile section */
		858CB5DE1ED7DB0200CE3DBA /* AppDelegate.swift in Sources */ = {isa = PBXBuildFile; fileRef = 858CB5DD1ED7DB0200CE3DBA /* AppDelegate.swift */; };
		858CB5E01ED7DB0200CE3DBA /* ViewController.swift in Sources */ = {isa = PBXBuildFile; fileRef = 858CB5DF1ED7DB0200CE3DBA /* ViewController.swift */; };
		858CB5E31ED7DB0200CE3DBA /* Main.storyboard in Resources */ = {isa = PBXBuildFile; fileRef = 858CB5E11ED7DB0200CE3DBA /* Main.storyboard */; };
		858CB5E51ED7DB0200CE3DBA /* Assets.xcassets in Resources */ = {isa = PBXBuildFile; fileRef = 858CB5E41ED7DB0200CE3DBA /* Assets.xcassets */; };
		858CB5E81ED7DB0200CE3DBA /* LaunchScreen.storyboard in Resources */ = {isa = PBXBuildFile; fileRef = 858CB5E61ED7DB0200CE3DBA /* LaunchScreen.storyboard */; };
/* End PBXBuildFile section */

/* Begin PBXFileReference section */
		858CB5DA1ED7DB0200CE3DBA /* RealmDemo.app */ = {isa = PBXFileReference; explicitFileType = wrapper.application; includeInIndex = 0; path = RealmDemo.app; sourceTree = BUILT_PRODUCTS_DIR; };
		858CB5DD1ED7DB0200CE3DBA /* AppDelegate.swift */ = {isa = PBXFileReference; lastKnownFileType = sourcecode.swift; path = AppDelegate.swift; sourceTree = "<group>"; };
		858CB5DF1ED7DB0200CE3DBA /* ViewController.swift */ = {isa = PBXFileReference; lastKnownFileType = sourcecode.swift; path = ViewController.swift; sourceTree = "<group>"; };
		858CB5E21ED7DB0200CE3DBA /* Base */ = {isa = PBXFileReference; lastKnownFileType = file.storyboard; name = Base; path = Base.lproj/Main.storyboard; sourceTree = "<group>"; };
		858CB5E41ED7DB0200CE3DBA /* Assets.xcassets */ = {isa = PBXFileReference; lastKnownFileType = folder.assetcatalog; path = Assets.xcassets; sourceTree = "<group>"; };
		858CB5E71ED7DB0200CE3DBA /* Base */ = {isa = PBXFileReference; lastKnownFileType = file.storyboard; name = Base; path = Base.lproj/LaunchScreen.storyboard; sourceTree = "<group>"; };
		858CB5E91ED7DB0200CE3DBA /* Info.plist */ = {isa = PBXFileReference; lastKnownFileType = text.plist.xml; path = Info.plist; sourceTree = "<group>"; };
/* End PBXFileReference section */

/* Begin PBXFrameworksBuildPhase section */
		858CB5D71ED7DB0200CE3DBA /* Frameworks */ = {
			isa = PBXFrameworksBuildPhase;
			buildActionMask = 2147483647;
			files = (
			);
			runOnlyForDeploymentPostprocessing = 0;
		};
/* End PBXFrameworksBuildPhase section */

/* Begin PBXGroup section */
		858CB5D11ED7DB0200CE3DBA = {
			isa = PBXGroup;
			children = (
				858CB5DC1ED7DB0200CE3DBA /* RealmDemo */,
				858CB5DB1ED7DB0200CE3DBA /* Products */,
			);
			sourceTree = "<group>";
		};
		858CB5DB1ED7DB0200CE3DBA /* Products */ = {
			isa = PBXGroup;
			children = (
				858CB5DA1ED7DB0200CE3DBA /* RealmDemo.app */,
			);
			name = Products;
			sourceTree = "<group>";
		};
		858CB5DC1ED7DB0200CE3DBA /* RealmDemo */ = {
			isa = PBXGroup;
			children = (
				858CB5DD1ED7DB0200CE3DBA /* AppDelegate.swift */,
				858CB5DF1ED7DB0200CE3DBA /* ViewController.swift */,
				858CB5E11ED7DB0200CE3DBA /* Main.storyboard */,
				858CB5E41ED7DB0200CE3DBA /* Assets.xcassets */,
				858CB5E61ED7DB0200CE3DBA /* LaunchScreen.storyboard */,
				858CB5E91ED7DB0200CE3DBA /* Info.plist */,
			);
			path = RealmDemo;
			sourceTree = "<group>";
		};
/* End PBXGroup section */

/* Begin PBXNativeTarget section */
		858CB5D91ED7DB0200CE3DBA /* RealmDemo */ = {
			isa = PBXNativeTarget;
			buildConfigurationList = 858CB5EC1ED7DB0200CE3DBA /* Build configuration list for PBXNativeTarget "RealmDemo" */;
			buildPhases = (
				858CB5D61ED7DB0200CE3DBA /* Sources */,
				858CB5D71ED7DB0200CE3DBA /* Frameworks */,
				858CB5D81ED7DB0200CE3DBA /* Resources */,
			);
			buildRules = (
			);
			dependencies = (
			);
			name = RealmDemo;
			productName = RealmDemo;
			productReference = 858CB5DA1ED7DB0200CE3DBA /* RealmDemo.app */;
			productType = "com.apple.product-type.application";
		};
/* End PBXNativeTarget section */

/* Begin PBXProject section */
		858CB5D21ED7DB0200CE3DBA /* Project object */ = {
			isa = PBXProject;
			attributes = {
				LastSwiftUpdateCheck = 0830;
				LastUpgradeCheck = 0830;
				ORGANIZATIONNAME = modernmedia;
				TargetAttributes = {
					858CB5D91ED7DB0200CE3DBA = {
						CreatedOnToolsVersion = 8.3.2;
						DevelopmentTeam = 3XXXELMSMU;
						ProvisioningStyle = Automatic;
					};
				};
			};
			buildConfigurationList = 858CB5D51ED7DB0200CE3DBA /* Build configuration list for PBXProject "RealmDemo" */;
			compatibilityVersion = "Xcode 3.2";
			developmentRegion = English;
			hasScannedForEncodings = 0;
			knownRegions = (
				en,
				Base,
			);
			mainGroup = 858CB5D11ED7DB0200CE3DBA;
			productRefGroup = 858CB5DB1ED7DB0200CE3DBA /* Products */;
			projectDirPath = "";
			projectRoot = "";
			targets = (
				858CB5D91ED7DB0200CE3DBA /* RealmDemo */,
			);
		};
/* End PBXProject section */

/* Begin PBXResourcesBuildPhase section */
		858CB5D81ED7DB0200CE3DBA /* Resources */ = {
			isa = PBXResourcesBuildPhase;
			buildActionMask = 2147483647;
			files = (
				858CB5E81ED7DB0200CE3DBA /* LaunchScreen.storyboard in Resources */,
				858CB5E51ED7DB0200CE3DBA /* Assets.xcassets in Resources */,
				858CB5E31ED7DB0200CE3DBA /* Main.storyboard in Resources */,
			);
			runOnlyForDeploymentPostprocessing = 0;
		};
/* End PBXResourcesBuildPhase section */

/* Begin PBXSourcesBuildPhase section */
		858CB5D61ED7DB0200CE3DBA /* Sources */ = {
			isa = PBXSourcesBuildPhase;
			buildActionMask = 2147483647;
			files = (
				858CB5E01ED7DB0200CE3DBA /* ViewController.swift in Sources */,
				858CB5DE1ED7DB0200CE3DBA /* AppDelegate.swift in Sources */,
			);
			runOnlyForDeploymentPostprocessing = 0;
		};
/* End PBXSourcesBuildPhase section */

/* Begin PBXVariantGroup section */
		858CB5E11ED7DB0200CE3DBA /* Main.storyboard */ = {
			isa = PBXVariantGroup;
			children = (
				858CB5E21ED7DB0200CE3DBA /* Base */,
			);
			name = Main.storyboard;
			sourceTree = "<group>";
		};
		858CB5E61ED7DB0200CE3DBA /* LaunchScreen.storyboard */ = {
			isa = PBXVariantGroup;
			children = (
				858CB5E71ED7DB0200CE3DBA /* Base */,
			);
			name = LaunchScreen.storyboard;
			sourceTree = "<group>";
		};
/* End PBXVariantGroup section */

/* Begin XCBuildConfiguration section */
		858CB5EA1ED7DB0200CE3DBA /* Debug */ = {
			isa = XCBuildConfiguration;
			buildSettings = {
				ALWAYS_SEARCH_USER_PATHS = NO;
				CLANG_ANALYZER_NONNULL = YES;
				CLANG_ANALYZER_NUMBER_OBJECT_CONVERSION = YES_AGGRESSIVE;
				CLANG_CXX_LANGUAGE_STANDARD = "gnu++0x";
				CLANG_CXX_LIBRARY = "libc++";
				CLANG_ENABLE_MODULES = YES;
				CLANG_ENABLE_OBJC_ARC = YES;
				CLANG_WARN_BOOL_CONVERSION = YES;
				CLANG_WARN_CONSTANT_CONVERSION = YES;
				CLANG_WARN_DIRECT_OBJC_ISA_USAGE = YES_ERROR;
				CLANG_WARN_DOCUMENTATION_COMMENTS = YES;
				CLANG_WARN_EMPTY_BODY = YES;
				CLANG_WARN_ENUM_CONVERSION = YES;
				CLANG_WARN_INFINITE_RECURSION = YES;
				CLANG_WARN_INT_CONVERSION = YES;
				CLANG_WARN_OBJC_ROOT_CLASS = YES_ERROR;
				CLANG_WARN_SUSPICIOUS_MOVE = YES;
				CLANG_WARN_UNREACHABLE_CODE = YES;
				CLANG_WARN__DUPLICATE_METHOD_MATCH = YES;
				"CODE_SIGN_IDENTITY[sdk=iphoneos*]" = "iPhone Developer";
				COPY_PHASE_STRIP = NO;
				DEBUG_INFORMATION_FORMAT = dwarf;
				ENABLE_STRICT_OBJC_MSGSEND = YES;
				ENABLE_TESTABILITY = YES;
				GCC_C_LANGUAGE_STANDARD = gnu99;
				GCC_DYNAMIC_NO_PIC = NO;
				GCC_NO_COMMON_BLOCKS = YES;
				GCC_OPTIMIZATION_LEVEL = 0;
				GCC_PREPROCESSOR_DEFINITIONS = (
					"DEBUG=1",
					"$(inherited)",
				);
				GCC_WARN_64_TO_32_BIT_CONVERSION = YES;
				GCC_WARN_ABOUT_RETURN_TYPE = YES_ERROR;
				GCC_WARN_UNDECLARED_SELECTOR = YES;
				GCC_WARN_UNINITIALIZED_AUTOS = YES_AGGRESSIVE;
				GCC_WARN_UNUSED_FUNCTION = YES;
				GCC_WARN_UNUSED_VARIABLE = YES;
				IPHONEOS_DEPLOYMENT_TARGET = 10.3;
				MTL_ENABLE_DEBUG_INFO = YES;
				ONLY_ACTIVE_ARCH = YES;
				SDKROOT = iphoneos;
				SWIFT_ACTIVE_COMPILATION_CONDITIONS = DEBUG;
				SWIFT_OPTIMIZATION_LEVEL = "-Onone";
				TARGETED_DEVICE_FAMILY = "1,2";
			};
			name = Debug;
		};
		858CB5EB1ED7DB0200CE3DBA /* Release */ = {
			isa = XCBuildConfiguration;
			buildSettings = {
				ALWAYS_SEARCH_USER_PATHS = NO;
				CLANG_ANALYZER_NONNULL = YES;
				CLANG_ANALYZER_NUMBER_OBJECT_CONVERSION = YES_AGGRESSIVE;
				CLANG_CXX_LANGUAGE_STANDARD = "gnu++0x";
				CLANG_CXX_LIBRARY = "libc++";
				CLANG_ENABLE_MODULES = YES;
				CLANG_ENABLE_OBJC_ARC = YES;
				CLANG_WARN_BOOL_CONVERSION = YES;
				CLANG_WARN_CONSTANT_CONVERSION = YES;
				CLANG_WARN_DIRECT_OBJC_ISA_USAGE = YES_ERROR;
				CLANG_WARN_DOCUMENTATION_COMMENTS = YES;
				CLANG_WARN_EMPTY_BODY = YES;
				CLANG_WARN_ENUM_CONVERSION = YES;
				CLANG_WARN_INFINITE_RECURSION = YES;
				CLANG_WARN_INT_CONVERSION = YES;
				CLANG_WARN_OBJC_ROOT_CLASS = YES_ERROR;
				CLANG_WARN_SUSPICIOUS_MOVE = YES;
				CLANG_WARN_UNREACHABLE_CODE = YES;
				CLANG_WARN__DUPLICATE_METHOD_MATCH = YES;
				"CODE_SIGN_IDENTITY[sdk=iphoneos*]" = "iPhone Developer";
				COPY_PHASE_STRIP = NO;
				DEBUG_INFORMATION_FORMAT = "dwarf-with-dsym";
				ENABLE_NS_ASSERTIONS = NO;
				ENABLE_STRICT_OBJC_MSGSEND = YES;
				GCC_C_LANGUAGE_STANDARD = gnu99;
				GCC_NO_COMMON_BLOCKS = YES;
				GCC_WARN_64_TO_32_BIT_CONVERSION = YES;
				GCC_WARN_ABOUT_RETURN_TYPE = YES_ERROR;
				GCC_WARN_UNDECLARED_SELECTOR = YES;
				GCC_WARN_UNINITIALIZED_AUTOS = YES_AGGRESSIVE;
				GCC_WARN_UNUSED_FUNCTION = YES;
				GCC_WARN_UNUSED_VARIABLE = YES;
				IPHONEOS_DEPLOYMENT_TARGET = 10.3;
				MTL_ENABLE_DEBUG_INFO = NO;
				SDKROOT = iphoneos;
				SWIFT_OPTIMIZATION_LEVEL = "-Owholemodule";
				TARGETED_DEVICE_FAMILY = "1,2";
				VALIDATE_PRODUCT = YES;
			};
			name = Release;
		};
		858CB5ED1ED7DB0200CE3DBA /* Debug */ = {
			isa = XCBuildConfiguration;
			buildSettings = {
				ASSETCATALOG_COMPILER_APPICON_NAME = AppIcon;
				DEVELOPMENT_TEAM = 3XXXELMSMU;
				INFOPLIST_FILE = RealmDemo/Info.plist;
				LD_RUNPATH_SEARCH_PATHS = "$(inherited) @executable_path/Frameworks";
				PRODUCT_BUNDLE_IDENTIFIER = modernmedia.com.cn.RealmDemo;
				PRODUCT_NAME = "$(TARGET_NAME)";
				SWIFT_VERSION = 3.0;
			};
			name = Debug;
		};
		858CB5EE1ED7DB0200CE3DBA /* Release */ = {
			isa = XCBuildConfiguration;
			buildSettings = {
				ASSETCATALOG_COMPILER_APPICON_NAME = AppIcon;
				DEVELOPMENT_TEAM = 3XXXELMSMU;
				INFOPLIST_FILE = RealmDemo/Info.plist;
				LD_RUNPATH_SEARCH_PATHS = "$(inherited) @executable_path/Frameworks";
				PRODUCT_BUNDLE_IDENTIFIER = modernmedia.com.cn.RealmDemo;
				PRODUCT_NAME = "$(TARGET_NAME)";
				SWIFT_VERSION = 3.0;
			};
			name = Release;
		};
/* End XCBuildConfiguration section */

/* Begin XCConfigurationList section */
		858CB5D51ED7DB0200CE3DBA /* Build configuration list for PBXProject "RealmDemo" */ = {
			isa = XCConfigurationList;
			buildConfigurations = (
				858CB5EA1ED7DB0200CE3DBA /* Debug */,
				858CB5EB1ED7DB0200CE3DBA /* Release */,
			);
			defaultConfigurationIsVisible = 0;
			defaultConfigurationName = Release;
		};
		858CB5EC1ED7DB0200CE3DBA /* Build configuration list for PBXNativeTarget "RealmDemo" */ = {
			isa = XCConfigurationList;
			buildConfigurations = (
				858CB5ED1ED7DB0200CE3DBA /* Debug */,
				858CB5EE1ED7DB0200CE3DBA /* Release */,
			);
			defaultConfigurationIsVisible = 0;
		};
/* End XCConfigurationList section */
	};
	rootObject = 858CB5D21ED7DB0200CE3DBA /* Project object */;
}
